// !$*UTF8*$!
{
	archiveVersion = 1;
	classes = {
	};
	objectVersion = 77;
	objects = {

/* Begin PBXBuildFile section */
		017E653F2EB8D3280010968B /* FirebaseAI in Frameworks */ = {isa = PBXBuildFile; productRef = 017E653E2EB8D3280010968B /* FirebaseAI */; };
		017E65412EB8D3280010968B /* FirebaseAILogic in Frameworks */ = {isa = PBXBuildFile; productRef = 017E65402EB8D3280010968B /* FirebaseAILogic */; };
		017E65432EB8D3280010968B /* FirebaseAnalytics in Frameworks */ = {isa = PBXBuildFile; productRef = 017E65422EB8D3280010968B /* FirebaseAnalytics */; };
		017E65452EB8D3280010968B /* FirebaseAuth in Frameworks */ = {isa = PBXBuildFile; productRef = 017E65442EB8D3280010968B /* FirebaseAuth */; };
		017E65472EB8D3280010968B /* FirebaseCore in Frameworks */ = {isa = PBXBuildFile; productRef = 017E65462EB8D3280010968B /* FirebaseCore */; };
		017E65492EB8D3280010968B /* FirebaseCrashlytics in Frameworks */ = {isa = PBXBuildFile; productRef = 017E65482EB8D3280010968B /* FirebaseCrashlytics */; };
		017E654B2EB8D3280010968B /* FirebaseFirestore in Frameworks */ = {isa = PBXBuildFile; productRef = 017E654A2EB8D3280010968B /* FirebaseFirestore */; };
		017E654D2EB8D3280010968B /* FirebaseFunctions in Frameworks */ = {isa = PBXBuildFile; productRef = 017E654C2EB8D3280010968B /* FirebaseFunctions */; };
		017E654F2EB8D3280010968B /* FirebaseStorage in Frameworks */ = {isa = PBXBuildFile; productRef = 017E654E2EB8D3280010968B /* FirebaseStorage */; };
		017E65682EBAB81E0010968B /* GoogleSignIn in Frameworks */ = {isa = PBXBuildFile; productRef = 017E65672EBAB81E0010968B /* GoogleSignIn */; };
		017E656A2EBAB81E0010968B /* GoogleSignInSwift in Frameworks */ = {isa = PBXBuildFile; productRef = 017E65692EBAB81E0010968B /* GoogleSignInSwift */; };
/* End PBXBuildFile section */

/* Begin PBXContainerItemProxy section */
		019A11CA2EA352C0004DC97C /* PBXContainerItemProxy */ = {
			isa = PBXContainerItemProxy;
			containerPortal = 019A11AF2EA352B3004DC97C /* Project object */;
			proxyType = 1;
			remoteGlobalIDString = 019A11B62EA352B3004DC97C;
			remoteInfo = Haven2.0;
		};
		019A11D42EA352C0004DC97C /* PBXContainerItemProxy */ = {
			isa = PBXContainerItemProxy;
			containerPortal = 019A11AF2EA352B3004DC97C /* Project object */;
			proxyType = 1;
			remoteGlobalIDString = 019A11B62EA352B3004DC97C;
			remoteInfo = Haven2.0;
		};
/* End PBXContainerItemProxy section */

/* Begin PBXFileReference section */
		019A11B72EA352B3004DC97C /* Haven2.0.app */ = {isa = PBXFileReference; explicitFileType = wrapper.application; includeInIndex = 0; path = Haven2.0.app; sourceTree = BUILT_PRODUCTS_DIR; };
		019A11C92EA352C0004DC97C /* Haven2.0Tests.xctest */ = {isa = PBXFileReference; explicitFileType = wrapper.cfbundle; includeInIndex = 0; path = Haven2.0Tests.xctest; sourceTree = BUILT_PRODUCTS_DIR; };
		019A11D32EA352C0004DC97C /* Haven2.0UITests.xctest */ = {isa = PBXFileReference; explicitFileType = wrapper.cfbundle; includeInIndex = 0; path = Haven2.0UITests.xctest; sourceTree = BUILT_PRODUCTS_DIR; };
/* End PBXFileReference section */

/* Begin PBXFileSystemSynchronizedRootGroup section */
		019A11B92EA352B3004DC97C /* Haven2.0 */ = {
			isa = PBXFileSystemSynchronizedRootGroup;
			path = Haven2.0;
			sourceTree = "<group>";
		};
		019A11CC2EA352C0004DC97C /* Haven2.0Tests */ = {
			isa = PBXFileSystemSynchronizedRootGroup;
			path = Haven2.0Tests;
			sourceTree = "<group>";
		};
		019A11D62EA352C0004DC97C /* Haven2.0UITests */ = {
			isa = PBXFileSystemSynchronizedRootGroup;
			path = Haven2.0UITests;
			sourceTree = "<group>";
		};
/* End PBXFileSystemSynchronizedRootGroup section */

/* Begin PBXFrameworksBuildPhase section */
		019A11B42EA352B3004DC97C /* Frameworks */ = {
			isa = PBXFrameworksBuildPhase;
			buildActionMask = 2147483647;
			files = (
				017E65412EB8D3280010968B /* FirebaseAILogic in Frameworks */,
				017E65472EB8D3280010968B /* FirebaseCore in Frameworks */,
				017E654F2EB8D3280010968B /* FirebaseStorage in Frameworks */,
				017E653F2EB8D3280010968B /* FirebaseAI in Frameworks */,
				017E654D2EB8D3280010968B /* FirebaseFunctions in Frameworks */,
				017E65682EBAB81E0010968B /* GoogleSignIn in Frameworks */,
				017E65492EB8D3280010968B /* FirebaseCrashlytics in Frameworks */,
				017E65432EB8D3280010968B /* FirebaseAnalytics in Frameworks */,
				017E65452EB8D3280010968B /* FirebaseAuth in Frameworks */,
				017E654B2EB8D3280010968B /* FirebaseFirestore in Frameworks */,
				017E656A2EBAB81E0010968B /* GoogleSignInSwift in Frameworks */,
			);
			runOnlyForDeploymentPostprocessing = 0;
		};
		019A11C62EA352C0004DC97C /* Frameworks */ = {
			isa = PBXFrameworksBuildPhase;
			buildActionMask = 2147483647;
			files = (
			);
			runOnlyForDeploymentPostprocessing = 0;
		};
		019A11D02EA352C0004DC97C /* Frameworks */ = {
			isa = PBXFrameworksBuildPhase;
			buildActionMask = 2147483647;
			files = (
			);
			runOnlyForDeploymentPostprocessing = 0;
		};
/* End PBXFrameworksBuildPhase section */

/* Begin PBXGroup section */
		017E65652EBAB5FE0010968B /* Frameworks */ = {
			isa = PBXGroup;
			children = (
			);
			name = Frameworks;
			sourceTree = "<group>";
		};
		019A11AE2EA352B3004DC97C = {
			isa = PBXGroup;
			children = (
				019A11B92EA352B3004DC97C /* Haven2.0 */,
				019A11CC2EA352C0004DC97C /* Haven2.0Tests */,
				019A11D62EA352C0004DC97C /* Haven2.0UITests */,
				017E65652EBAB5FE0010968B /* Frameworks */,
				019A11B82EA352B3004DC97C /* Products */,
			);
			sourceTree = "<group>";
		};
		019A11B82EA352B3004DC97C /* Products */ = {
			isa = PBXGroup;
			children = (
				019A11B72EA352B3004DC97C /* Haven2.0.app */,
				019A11C92EA352C0004DC97C /* Haven2.0Tests.xctest */,
				019A11D32EA352C0004DC97C /* Haven2.0UITests.xctest */,
			);
			name = Products;
			sourceTree = "<group>";
		};
/* End PBXGroup section */

/* Begin PBXNativeTarget section */
		019A11B62EA352B3004DC97C /* Haven2.0 */ = {
			isa = PBXNativeTarget;
			buildConfigurationList = 019A11DD2EA352C0004DC97C /* Build configuration list for PBXNativeTarget "Haven2.0" */;
			buildPhases = (
				019A11B32EA352B3004DC97C /* Sources */,
				019A11B42EA352B3004DC97C /* Frameworks */,
				019A11B52EA352B3004DC97C /* Resources */,
			);
			buildRules = (
			);
			dependencies = (
			);
			fileSystemSynchronizedGroups = (
				019A11B92EA352B3004DC97C /* Haven2.0 */,
			);
			name = Haven2.0;
			packageProductDependencies = (
				017E653E2EB8D3280010968B /* FirebaseAI */,
				017E65402EB8D3280010968B /* FirebaseAILogic */,
				017E65422EB8D3280010968B /* FirebaseAnalytics */,
				017E65442EB8D3280010968B /* FirebaseAuth */,
				017E65462EB8D3280010968B /* FirebaseCore */,
				017E65482EB8D3280010968B /* FirebaseCrashlytics */,
				017E654A2EB8D3280010968B /* FirebaseFirestore */,
				017E654C2EB8D3280010968B /* FirebaseFunctions */,
				017E654E2EB8D3280010968B /* FirebaseStorage */,
				017E65672EBAB81E0010968B /* GoogleSignIn */,
				017E65692EBAB81E0010968B /* GoogleSignInSwift */,
			);
			productName = Haven2.0;
			productReference = 019A11B72EA352B3004DC97C /* Haven2.0.app */;
			productType = "com.apple.product-type.application";
		};
		019A11C82EA352C0004DC97C /* Haven2.0Tests */ = {
			isa = PBXNativeTarget;
			buildConfigurationList = 019A11E02EA352C0004DC97C /* Build configuration list for PBXNativeTarget "Haven2.0Tests" */;
			buildPhases = (
				019A11C52EA352C0004DC97C /* Sources */,
				019A11C62EA352C0004DC97C /* Frameworks */,
				019A11C72EA352C0004DC97C /* Resources */,
			);
			buildRules = (
			);
			dependencies = (
				019A11CB2EA352C0004DC97C /* PBXTargetDependency */,
			);
			fileSystemSynchronizedGroups = (
				019A11CC2EA352C0004DC97C /* Haven2.0Tests */,
			);
			name = Haven2.0Tests;
			packageProductDependencies = (
			);
			productName = Haven2.0Tests;
			productReference = 019A11C92EA352C0004DC97C /* Haven2.0Tests.xctest */;
			productType = "com.apple.product-type.bundle.unit-test";
		};
		019A11D22EA352C0004DC97C /* Haven2.0UITests */ = {
			isa = PBXNativeTarget;
			buildConfigurationList = 019A11E32EA352C0004DC97C /* Build configuration list for PBXNativeTarget "Haven2.0UITests" */;
			buildPhases = (
				019A11CF2EA352C0004DC97C /* Sources */,
				019A11D02EA352C0004DC97C /* Frameworks */,
				019A11D12EA352C0004DC97C /* Resources */,
			);
			buildRules = (
			);
			dependencies = (
				019A11D52EA352C0004DC97C /* PBXTargetDependency */,
			);
			fileSystemSynchronizedGroups = (
				019A11D62EA352C0004DC97C /* Haven2.0UITests */,
			);
			name = Haven2.0UITests;
			packageProductDependencies = (
			);
			productName = Haven2.0UITests;
			productReference = 019A11D32EA352C0004DC97C /* Haven2.0UITests.xctest */;
			productType = "com.apple.product-type.bundle.ui-testing";
		};
/* End PBXNativeTarget section */

/* Begin PBXProject section */
		019A11AF2EA352B3004DC97C /* Project object */ = {
			isa = PBXProject;
			attributes = {
				BuildIndependentTargetsInParallel = 1;
				LastSwiftUpdateCheck = 1620;
				LastUpgradeCheck = 1620;
				TargetAttributes = {
					019A11B62EA352B3004DC97C = {
						CreatedOnToolsVersion = 16.2;
					};
					019A11C82EA352C0004DC97C = {
						CreatedOnToolsVersion = 16.2;
						TestTargetID = 019A11B62EA352B3004DC97C;
					};
					019A11D22EA352C0004DC97C = {
						CreatedOnToolsVersion = 16.2;
						TestTargetID = 019A11B62EA352B3004DC97C;
					};
				};
			};
			buildConfigurationList = 019A11B22EA352B3004DC97C /* Build configuration list for PBXProject "Haven2.0" */;
			developmentRegion = en;
			hasScannedForEncodings = 0;
			knownRegions = (
				en,
				Base,
			);
			mainGroup = 019A11AE2EA352B3004DC97C;
			minimizedProjectReferenceProxies = 1;
			packageReferences = (
				017E653D2EB8D3280010968B /* XCRemoteSwiftPackageReference "firebase-ios-sdk" */,
				017E65662EBAB81E0010968B /* XCRemoteSwiftPackageReference "GoogleSignIn-iOS" */,
			);
			preferredProjectObjectVersion = 77;
			productRefGroup = 019A11B82EA352B3004DC97C /* Products */;
			projectDirPath = "";
			projectRoot = "";
			targets = (
				019A11B62EA352B3004DC97C /* Haven2.0 */,
				019A11C82EA352C0004DC97C /* Haven2.0Tests */,
				019A11D22EA352C0004DC97C /* Haven2.0UITests */,
			);
		};
/* End PBXProject section */

/* Begin PBXResourcesBuildPhase section */
		019A11B52EA352B3004DC97C /* Resources */ = {
			isa = PBXResourcesBuildPhase;
			buildActionMask = 2147483647;
			files = (
			);
			runOnlyForDeploymentPostprocessing = 0;
		};
		019A11C72EA352C0004DC97C /* Resources */ = {
			isa = PBXResourcesBuildPhase;
			buildActionMask = 2147483647;
			files = (
			);
			runOnlyForDeploymentPostprocessing = 0;
		};
		019A11D12EA352C0004DC97C /* Resources */ = {
			isa = PBXResourcesBuildPhase;
			buildActionMask = 2147483647;
			files = (
			);
			runOnlyForDeploymentPostprocessing = 0;
		};
/* End PBXResourcesBuildPhase section */

/* Begin PBXSourcesBuildPhase section */
		019A11B32EA352B3004DC97C /* Sources */ = {
			isa = PBXSourcesBuildPhase;
			buildActionMask = 2147483647;
			files = (
			);
			runOnlyForDeploymentPostprocessing = 0;
		};
		019A11C52EA352C0004DC97C /* Sources */ = {
			isa = PBXSourcesBuildPhase;
			buildActionMask = 2147483647;
			files = (
			);
			runOnlyForDeploymentPostprocessing = 0;
		};
		019A11CF2EA352C0004DC97C /* Sources */ = {
			isa = PBXSourcesBuildPhase;
			buildActionMask = 2147483647;
			files = (
			);
			runOnlyForDeploymentPostprocessing = 0;
		};
/* End PBXSourcesBuildPhase section */

/* Begin PBXTargetDependency section */
		019A11CB2EA352C0004DC97C /* PBXTargetDependency */ = {
			isa = PBXTargetDependency;
			target = 019A11B62EA352B3004DC97C /* Haven2.0 */;
			targetProxy = 019A11CA2EA352C0004DC97C /* PBXContainerItemProxy */;
		};
		019A11D52EA352C0004DC97C /* PBXTargetDependency */ = {
			isa = PBXTargetDependency;
			target = 019A11B62EA352B3004DC97C /* Haven2.0 */;
			targetProxy = 019A11D42EA352C0004DC97C /* PBXContainerItemProxy */;
		};
/* End PBXTargetDependency section */

/* Begin XCBuildConfiguration section */
		019A11DB2EA352C0004DC97C /* Debug */ = {
			isa = XCBuildConfiguration;
			buildSettings = {
				ALWAYS_SEARCH_USER_PATHS = NO;
				ASSETCATALOG_COMPILER_GENERATE_SWIFT_ASSET_SYMBOL_EXTENSIONS = YES;
				CLANG_ANALYZER_NONNULL = YES;
				CLANG_ANALYZER_NUMBER_OBJECT_CONVERSION = YES_AGGRESSIVE;
				CLANG_CXX_LANGUAGE_STANDARD = "gnu++20";
				CLANG_ENABLE_MODULES = YES;
				CLANG_ENABLE_OBJC_ARC = YES;
				CLANG_ENABLE_OBJC_WEAK = YES;
				CLANG_WARN_BLOCK_CAPTURE_AUTORELEASING = YES;
				CLANG_WARN_BOOL_CONVERSION = YES;
				CLANG_WARN_COMMA = YES;
				CLANG_WARN_CONSTANT_CONVERSION = YES;
				CLANG_WARN_DEPRECATED_OBJC_IMPLEMENTATIONS = YES;
				CLANG_WARN_DIRECT_OBJC_ISA_USAGE = YES_ERROR;
				CLANG_WARN_DOCUMENTATION_COMMENTS = YES;
				CLANG_WARN_EMPTY_BODY = YES;
				CLANG_WARN_ENUM_CONVERSION = YES;
				CLANG_WARN_INFINITE_RECURSION = YES;
				CLANG_WARN_INT_CONVERSION = YES;
				CLANG_WARN_NON_LITERAL_NULL_CONVERSION = YES;
				CLANG_WARN_OBJC_IMPLICIT_RETAIN_SELF = YES;
				CLANG_WARN_OBJC_LITERAL_CONVERSION = YES;
				CLANG_WARN_OBJC_ROOT_CLASS = YES_ERROR;
				CLANG_WARN_QUOTED_INCLUDE_IN_FRAMEWORK_HEADER = YES;
				CLANG_WARN_RANGE_LOOP_ANALYSIS = YES;
				CLANG_WARN_STRICT_PROTOTYPES = YES;
				CLANG_WARN_SUSPICIOUS_MOVE = YES;
				CLANG_WARN_UNGUARDED_AVAILABILITY = YES_AGGRESSIVE;
				CLANG_WARN_UNREACHABLE_CODE = YES;
				CLANG_WARN__DUPLICATE_METHOD_MATCH = YES;
				COPY_PHASE_STRIP = NO;
				DEBUG_INFORMATION_FORMAT = dwarf;
				ENABLE_STRICT_OBJC_MSGSEND = YES;
				ENABLE_TESTABILITY = YES;
				ENABLE_USER_SCRIPT_SANDBOXING = YES;
				GCC_C_LANGUAGE_STANDARD = gnu17;
				GCC_DYNAMIC_NO_PIC = NO;
				GCC_NO_COMMON_BLOCKS = YES;
				GCC_OPTIMIZATION_LEVEL = 0;
				GCC_PREPROCESSOR_DEFINITIONS = (
					"DEBUG=1",
					"$(inherited)",
				);
				GCC_WARN_64_TO_32_BIT_CONVERSION = YES;
				GCC_WARN_ABOUT_RETURN_TYPE = YES_ERROR;
				GCC_WARN_UNDECLARED_SELECTOR = YES;
				GCC_WARN_UNINITIALIZED_AUTOS = YES_AGGRESSIVE;
				GCC_WARN_UNUSED_FUNCTION = YES;
				GCC_WARN_UNUSED_VARIABLE = YES;
				IPHONEOS_DEPLOYMENT_TARGET = 18.2;
				LOCALIZATION_PREFERS_STRING_CATALOGS = YES;
				MTL_ENABLE_DEBUG_INFO = INCLUDE_SOURCE;
				MTL_FAST_MATH = YES;
				ONLY_ACTIVE_ARCH = YES;
				SDKROOT = iphoneos;
				SWIFT_ACTIVE_COMPILATION_CONDITIONS = "DEBUG $(inherited)";
				SWIFT_OPTIMIZATION_LEVEL = "-Onone";
			};
			name = Debug;
		};
		019A11DC2EA352C0004DC97C /* Release */ = {
			isa = XCBuildConfiguration;
			buildSettings = {
				ALWAYS_SEARCH_USER_PATHS = NO;
				ASSETCATALOG_COMPILER_GENERATE_SWIFT_ASSET_SYMBOL_EXTENSIONS = YES;
				CLANG_ANALYZER_NONNULL = YES;
				CLANG_ANALYZER_NUMBER_OBJECT_CONVERSION = YES_AGGRESSIVE;
				CLANG_CXX_LANGUAGE_STANDARD = "gnu++20";
				CLANG_ENABLE_MODULES = YES;
				CLANG_ENABLE_OBJC_ARC = YES;
				CLANG_ENABLE_OBJC_WEAK = YES;
				CLANG_WARN_BLOCK_CAPTURE_AUTORELEASING = YES;
				CLANG_WARN_BOOL_CONVERSION = YES;
				CLANG_WARN_COMMA = YES;
				CLANG_WARN_CONSTANT_CONVERSION = YES;
				CLANG_WARN_DEPRECATED_OBJC_IMPLEMENTATIONS = YES;
				CLANG_WARN_DIRECT_OBJC_ISA_USAGE = YES_ERROR;
				CLANG_WARN_DOCUMENTATION_COMMENTS = YES;
				CLANG_WARN_EMPTY_BODY = YES;
				CLANG_WARN_ENUM_CONVERSION = YES;
				CLANG_WARN_INFINITE_RECURSION = YES;
				CLANG_WARN_INT_CONVERSION = YES;
				CLANG_WARN_NON_LITERAL_NULL_CONVERSION = YES;
				CLANG_WARN_OBJC_IMPLICIT_RETAIN_SELF = YES;
				CLANG_WARN_OBJC_LITERAL_CONVERSION = YES;
				CLANG_WARN_OBJC_ROOT_CLASS = YES_ERROR;
				CLANG_WARN_QUOTED_INCLUDE_IN_FRAMEWORK_HEADER = YES;
				CLANG_WARN_RANGE_LOOP_ANALYSIS = YES;
				CLANG_WARN_STRICT_PROTOTYPES = YES;
				CLANG_WARN_SUSPICIOUS_MOVE = YES;
				CLANG_WARN_UNGUARDED_AVAILABILITY = YES_AGGRESSIVE;
				CLANG_WARN_UNREACHABLE_CODE = YES;
				CLANG_WARN__DUPLICATE_METHOD_MATCH = YES;
				COPY_PHASE_STRIP = NO;
				DEBUG_INFORMATION_FORMAT = "dwarf-with-dsym";
				ENABLE_NS_ASSERTIONS = NO;
				ENABLE_STRICT_OBJC_MSGSEND = YES;
				ENABLE_USER_SCRIPT_SANDBOXING = YES;
				GCC_C_LANGUAGE_STANDARD = gnu17;
				GCC_NO_COMMON_BLOCKS = YES;
				GCC_WARN_64_TO_32_BIT_CONVERSION = YES;
				GCC_WARN_ABOUT_RETURN_TYPE = YES_ERROR;
				GCC_WARN_UNDECLARED_SELECTOR = YES;
				GCC_WARN_UNINITIALIZED_AUTOS = YES_AGGRESSIVE;
				GCC_WARN_UNUSED_FUNCTION = YES;
				GCC_WARN_UNUSED_VARIABLE = YES;
				IPHONEOS_DEPLOYMENT_TARGET = 18.2;
				LOCALIZATION_PREFERS_STRING_CATALOGS = YES;
				MTL_ENABLE_DEBUG_INFO = NO;
				MTL_FAST_MATH = YES;
				SDKROOT = iphoneos;
				SWIFT_COMPILATION_MODE = wholemodule;
				VALIDATE_PRODUCT = YES;
			};
			name = Release;
		};
		019A11DE2EA352C0004DC97C /* Debug */ = {
			isa = XCBuildConfiguration;
			buildSettings = {
				ASSETCATALOG_COMPILER_APPICON_NAME = AppIcon;
				ASSETCATALOG_COMPILER_GLOBAL_ACCENT_COLOR_NAME = AccentColor;
				CODE_SIGN_STYLE = Automatic;
				CURRENT_PROJECT_VERSION = 1;
				DEVELOPMENT_ASSET_PATHS = "\"Haven2.0/Preview Content\"";
				DEVELOPMENT_TEAM = BWC2VJDMH9;
				ENABLE_PREVIEWS = YES;
				GENERATE_INFOPLIST_FILE = YES;
				INFOPLIST_FILE = "Haven2-0-Info.plist";
				INFOPLIST_KEY_UIApplicationSceneManifest_Generation = YES;
				INFOPLIST_KEY_UIApplicationSupportsIndirectInputEvents = YES;
				INFOPLIST_KEY_UILaunchScreen_Generation = YES;
				INFOPLIST_KEY_UIStatusBarStyle = "";
				INFOPLIST_KEY_UISupportedInterfaceOrientations = UIInterfaceOrientationPortrait;
				INFOPLIST_KEY_UISupportedInterfaceOrientations_iPad = "UIInterfaceOrientationLandscapeLeft UIInterfaceOrientationLandscapeRight UIInterfaceOrientationPortrait UIInterfaceOrientationPortraitUpsideDown";
				LD_RUNPATH_SEARCH_PATHS = (
					"$(inherited)",
					"@executable_path/Frameworks",
				);
				MARKETING_VERSION = 1.0;
				PRODUCT_BUNDLE_IDENTIFIER = com.jithaven.app;
				PRODUCT_NAME = "$(TARGET_NAME)";
				SWIFT_EMIT_LOC_STRINGS = YES;
				SWIFT_VERSION = 5.0;
				TARGETED_DEVICE_FAMILY = "1,2";
			};
			name = Debug;
		};
		019A11DF2EA352C0004DC97C /* Release */ = {
			isa = XCBuildConfiguration;
			buildSettings = {
				ASSETCATALOG_COMPILER_APPICON_NAME = AppIcon;
				ASSETCATALOG_COMPILER_GLOBAL_ACCENT_COLOR_NAME = AccentColor;
				CODE_SIGN_STYLE = Automatic;
				CURRENT_PROJECT_VERSION = 1;
				DEVELOPMENT_ASSET_PATHS = "\"Haven2.0/Preview Content\"";
				DEVELOPMENT_TEAM = BWC2VJDMH9;
				ENABLE_PREVIEWS = YES;
				GENERATE_INFOPLIST_FILE = YES;
				INFOPLIST_FILE = "Haven2-0-Info.plist";
				INFOPLIST_KEY_UIApplicationSceneManifest_Generation = YES;
				INFOPLIST_KEY_UIApplicationSupportsIndirectInputEvents = YES;
				INFOPLIST_KEY_UILaunchScreen_Generation = YES;
				INFOPLIST_KEY_UIStatusBarStyle = "";
				INFOPLIST_KEY_UISupportedInterfaceOrientations = UIInterfaceOrientationPortrait;
				INFOPLIST_KEY_UISupportedInterfaceOrientations_iPad = "UIInterfaceOrientationLandscapeLeft UIInterfaceOrientationLandscapeRight UIInterfaceOrientationPortrait UIInterfaceOrientationPortraitUpsideDown";
				LD_RUNPATH_SEARCH_PATHS = (
					"$(inherited)",
					"@executable_path/Frameworks",
				);
				MARKETING_VERSION = 1.0;
				PRODUCT_BUNDLE_IDENTIFIER = "JIT.Haven2-0";
				PRODUCT_NAME = "$(TARGET_NAME)";
				SWIFT_EMIT_LOC_STRINGS = YES;
				SWIFT_VERSION = 5.0;
				TARGETED_DEVICE_FAMILY = "1,2";
			};
			name = Release;
		};
		019A11E12EA352C0004DC97C /* Debug */ = {
			isa = XCBuildConfiguration;
			buildSettings = {
				BUNDLE_LOADER = "$(TEST_HOST)";
				CODE_SIGN_STYLE = Automatic;
				CURRENT_PROJECT_VERSION = 1;
				GENERATE_INFOPLIST_FILE = YES;
				IPHONEOS_DEPLOYMENT_TARGET = 18.2;
				MARKETING_VERSION = 1.0;
				PRODUCT_BUNDLE_IDENTIFIER = "JIT.Haven2-0Tests";
				PRODUCT_NAME = "$(TARGET_NAME)";
				SWIFT_EMIT_LOC_STRINGS = NO;
				SWIFT_VERSION = 5.0;
				TARGETED_DEVICE_FAMILY = "1,2";
				TEST_HOST = "$(BUILT_PRODUCTS_DIR)/Haven2.0.app/$(BUNDLE_EXECUTABLE_FOLDER_PATH)/Haven2.0";
			};
			name = Debug;
		};
		019A11E22EA352C0004DC97C /* Release */ = {
			isa = XCBuildConfiguration;
			buildSettings = {
				BUNDLE_LOADER = "$(TEST_HOST)";
				CODE_SIGN_STYLE = Automatic;
				CURRENT_PROJECT_VERSION = 1;
				GENERATE_INFOPLIST_FILE = YES;
				IPHONEOS_DEPLOYMENT_TARGET = 18.2;
				MARKETING_VERSION = 1.0;
				PRODUCT_BUNDLE_IDENTIFIER = "JIT.Haven2-0Tests";
				PRODUCT_NAME = "$(TARGET_NAME)";
				SWIFT_EMIT_LOC_STRINGS = NO;
				SWIFT_VERSION = 5.0;
				TARGETED_DEVICE_FAMILY = "1,2";
				TEST_HOST = "$(BUILT_PRODUCTS_DIR)/Haven2.0.app/$(BUNDLE_EXECUTABLE_FOLDER_PATH)/Haven2.0";
			};
			name = Release;
		};
		019A11E42EA352C0004DC97C /* Debug */ = {
			isa = XCBuildConfiguration;
			buildSettings = {
				CODE_SIGN_STYLE = Automatic;
				CURRENT_PROJECT_VERSION = 1;
				GENERATE_INFOPLIST_FILE = YES;
				MARKETING_VERSION = 1.0;
				PRODUCT_BUNDLE_IDENTIFIER = "JIT.Haven2-0UITests";
				PRODUCT_NAME = "$(TARGET_NAME)";
				SWIFT_EMIT_LOC_STRINGS = NO;
				SWIFT_VERSION = 5.0;
				TARGETED_DEVICE_FAMILY = "1,2";
				TEST_TARGET_NAME = Haven2.0;
			};
			name = Debug;
		};
		019A11E52EA352C0004DC97C /* Release */ = {
			isa = XCBuildConfiguration;
			buildSettings = {
				CODE_SIGN_STYLE = Automatic;
				CURRENT_PROJECT_VERSION = 1;
				GENERATE_INFOPLIST_FILE = YES;
				MARKETING_VERSION = 1.0;
				PRODUCT_BUNDLE_IDENTIFIER = "JIT.Haven2-0UITests";
				PRODUCT_NAME = "$(TARGET_NAME)";
				SWIFT_EMIT_LOC_STRINGS = NO;
				SWIFT_VERSION = 5.0;
				TARGETED_DEVICE_FAMILY = "1,2";
				TEST_TARGET_NAME = Haven2.0;
			};
			name = Release;
		};
/* End XCBuildConfiguration section */

/* Begin XCConfigurationList section */
		019A11B22EA352B3004DC97C /* Build configuration list for PBXProject "Haven2.0" */ = {
			isa = XCConfigurationList;
			buildConfigurations = (
				019A11DB2EA352C0004DC97C /* Debug */,
				019A11DC2EA352C0004DC97C /* Release */,
			);
			defaultConfigurationIsVisible = 0;
			defaultConfigurationName = Release;
		};
		019A11DD2EA352C0004DC97C /* Build configuration list for PBXNativeTarget "Haven2.0" */ = {
			isa = XCConfigurationList;
			buildConfigurations = (
				019A11DE2EA352C0004DC97C /* Debug */,
				019A11DF2EA352C0004DC97C /* Release */,
			);
			defaultConfigurationIsVisible = 0;
			defaultConfigurationName = Release;
		};
		019A11E02EA352C0004DC97C /* Build configuration list for PBXNativeTarget "Haven2.0Tests" */ = {
			isa = XCConfigurationList;
			buildConfigurations = (
				019A11E12EA352C0004DC97C /* Debug */,
				019A11E22EA352C0004DC97C /* Release */,
			);
			defaultConfigurationIsVisible = 0;
			defaultConfigurationName = Release;
		};
		019A11E32EA352C0004DC97C /* Build configuration list for PBXNativeTarget "Haven2.0UITests" */ = {
			isa = XCConfigurationList;
			buildConfigurations = (
				019A11E42EA352C0004DC97C /* Debug */,
				019A11E52EA352C0004DC97C /* Release */,
			);
			defaultConfigurationIsVisible = 0;
			defaultConfigurationName = Release;
		};
/* End XCConfigurationList section */

/* Begin XCRemoteSwiftPackageReference section */
		017E653D2EB8D3280010968B /* XCRemoteSwiftPackageReference "firebase-ios-sdk" */ = {
			isa = XCRemoteSwiftPackageReference;
			repositoryURL = "https://github.com/firebase/firebase-ios-sdk";
			requirement = {
				kind = upToNextMajorVersion;
				minimumVersion = 12.5.0;
			};
		};
		017E65662EBAB81E0010968B /* XCRemoteSwiftPackageReference "GoogleSignIn-iOS" */ = {
			isa = XCRemoteSwiftPackageReference;
			repositoryURL = "https://github.com/google/GoogleSignIn-iOS";
			requirement = {
				kind = upToNextMajorVersion;
				minimumVersion = 9.0.0;
			};
		};
/* End XCRemoteSwiftPackageReference section */

/* Begin XCSwiftPackageProductDependency section */
		017E653E2EB8D3280010968B /* FirebaseAI */ = {
			isa = XCSwiftPackageProductDependency;
			package = 017E653D2EB8D3280010968B /* XCRemoteSwiftPackageReference "firebase-ios-sdk" */;
			productName = FirebaseAI;
		};
		017E65402EB8D3280010968B /* FirebaseAILogic */ = {
			isa = XCSwiftPackageProductDependency;
			package = 017E653D2EB8D3280010968B /* XCRemoteSwiftPackageReference "firebase-ios-sdk" */;
			productName = FirebaseAILogic;
		};
		017E65422EB8D3280010968B /* FirebaseAnalytics */ = {
			isa = XCSwiftPackageProductDependency;
			package = 017E653D2EB8D3280010968B /* XCRemoteSwiftPackageReference "firebase-ios-sdk" */;
			productName = FirebaseAnalytics;
		};
		017E65442EB8D3280010968B /* FirebaseAuth */ = {
			isa = XCSwiftPackageProductDependency;
			package = 017E653D2EB8D3280010968B /* XCRemoteSwiftPackageReference "firebase-ios-sdk" */;
			productName = FirebaseAuth;
		};
		017E65462EB8D3280010968B /* FirebaseCore */ = {
			isa = XCSwiftPackageProductDependency;
			package = 017E653D2EB8D3280010968B /* XCRemoteSwiftPackageReference "firebase-ios-sdk" */;
			productName = FirebaseCore;
		};
		017E65482EB8D3280010968B /* FirebaseCrashlytics */ = {
			isa = XCSwiftPackageProductDependency;
			package = 017E653D2EB8D3280010968B /* XCRemoteSwiftPackageReference "firebase-ios-sdk" */;
			productName = FirebaseCrashlytics;
		};
		017E654A2EB8D3280010968B /* FirebaseFirestore */ = {
			isa = XCSwiftPackageProductDependency;
			package = 017E653D2EB8D3280010968B /* XCRemoteSwiftPackageReference "firebase-ios-sdk" */;
			productName = FirebaseFirestore;
		};
		017E654C2EB8D3280010968B /* FirebaseFunctions */ = {
			isa = XCSwiftPackageProductDependency;
			package = 017E653D2EB8D3280010968B /* XCRemoteSwiftPackageReference "firebase-ios-sdk" */;
			productName = FirebaseFunctions;
		};
		017E654E2EB8D3280010968B /* FirebaseStorage */ = {
			isa = XCSwiftPackageProductDependency;
			package = 017E653D2EB8D3280010968B /* XCRemoteSwiftPackageReference "firebase-ios-sdk" */;
			productName = FirebaseStorage;
		};
		017E65672EBAB81E0010968B /* GoogleSignIn */ = {
			isa = XCSwiftPackageProductDependency;
			package = 017E65662EBAB81E0010968B /* XCRemoteSwiftPackageReference "GoogleSignIn-iOS" */;
			productName = GoogleSignIn;
		};
		017E65692EBAB81E0010968B /* GoogleSignInSwift */ = {
			isa = XCSwiftPackageProductDependency;
			package = 017E65662EBAB81E0010968B /* XCRemoteSwiftPackageReference "GoogleSignIn-iOS" */;
			productName = GoogleSignInSwift;
		};
/* End XCSwiftPackageProductDependency section */
	};
	rootObject = 019A11AF2EA352B3004DC97C /* Project object */;
}
